
Microsoft Visual Studio Solution File, Format Version 12.00
# Visual Studio Version 17
VisualStudioVersion = 17.2.32516.85
MinimumVisualStudioVersion = 10.0.40219.1
Project("{9A19103F-16F7-4668-BE54-9A1E7A4F7556}") = "Task2WPF", "Task2WPF.csproj", "{96C32610-E466-4CBC-A2AB-62D0112F1BBE}"
EndProject
Project("{FAE04EC0-301F-11D3-BF4B-00C04F79EFBC}") = "StructuralData", "..\StructuralData\StructuralData.csproj", "{2FE6B865-2C27-4871-889F-31E2800D8B49}"
EndProject
Project("{FAE04EC0-301F-11D3-BF4B-00C04F79EFBC}") = "Services", "..\Services\Services.csproj", "{2B7EF086-1B99-4A92-9642-AD6F7F983911}"
EndProject
Project("{FAE04EC0-301F-11D3-BF4B-00C04F79EFBC}") = "TestProjectTask2", "..\TestProjectTask2\TestProjectTask2.csproj", "{EC6439AD-6901-4CC1-BD4D-3D62D2A26C02}"
EndProject
Global
	GlobalSection(SolutionConfigurationPlatforms) = preSolution
		Debug|Any CPU = Debug|Any CPU
		Release|Any CPU = Release|Any CPU
	EndGlobalSection
	GlobalSection(ProjectConfigurationPlatforms) = postSolution
		{96C32610-E466-4CBC-A2AB-62D0112F1BBE}.Debug|Any CPU.ActiveCfg = Debug|Any CPU
		{96C32610-E466-4CBC-A2AB-62D0112F1BBE}.Debug|Any CPU.Build.0 = Debug|Any CPU
		{96C32610-E466-4CBC-A2AB-62D0112F1BBE}.Release|Any CPU.ActiveCfg = Release|Any CPU
		{96C32610-E466-4CBC-A2AB-62D0112F1BBE}.Release|Any CPU.Build.0 = Release|Any CPU
		{2FE6B865-2C27-4871-889F-31E2800D8B49}.Debug|Any CPU.ActiveCfg = Debug|Any CPU
		{2FE6B865-2C27-4871-889F-31E2800D8B49}.Debug|Any CPU.Build.0 = Debug|Any CPU
		{2FE6B865-2C27-4871-889F-31E2800D8B49}.Release|Any CPU.ActiveCfg = Release|Any CPU
		{2FE6B865-2C27-4871-889F-31E2800D8B49}.Release|Any CPU.Build.0 = Release|Any CPU
		{2B7EF086-1B99-4A92-9642-AD6F7F983911}.Debug|Any CPU.ActiveCfg = Debug|Any CPU
		{2B7EF086-1B99-4A92-9642-AD6F7F983911}.Debug|Any CPU.Build.0 = Debug|Any CPU
		{2B7EF086-1B99-4A92-9642-AD6F7F983911}.Release|Any CPU.ActiveCfg = Release|Any CPU
		{2B7EF086-1B99-4A92-9642-AD6F7F983911}.Release|Any CPU.Build.0 = Release|Any CPU
		{EC6439AD-6901-4CC1-BD4D-3D62D2A26C02}.Debug|Any CPU.ActiveCfg = Debug|Any CPU
		{EC6439AD-6901-4CC1-BD4D-3D62D2A26C02}.Debug|Any CPU.Build.0 = Debug|Any CPU
		{EC6439AD-6901-4CC1-BD4D-3D62D2A26C02}.Release|Any CPU.ActiveCfg = Release|Any CPU
		{EC6439AD-6901-4CC1-BD4D-3D62D2A26C02}.Release|Any CPU.Build.0 = Release|Any CPU
	EndGlobalSection
	GlobalSection(SolutionProperties) = preSolution
		HideSolutionNode = FALSE
	EndGlobalSection
	GlobalSection(ExtensibilityGlobals) = postSolution
		SolutionGuid = {DAF20EE3-57B3-45E1-B408-27A70790039F}
	EndGlobalSection
EndGlobal
